<?xml version="1.0" encoding="utf-8"?>
<Project ToolsVersion="4.0" xmlns="http://schemas.microsoft.com/developer/msbuild/2003">
  <ItemGroup>
    <ClCompile Include="Engine.cpp">
      <Filter>Source Files</Filter>
    </ClCompile>
    <ClCompile Include="Tile.cpp">
      <Filter>Source Files</Filter>
    </ClCompile>
    <ClCompile Include="Systems\AnimationSystem.cpp">
      <Filter>Systems</Filter>
    </ClCompile>
    <ClCompile Include="Systems\InputSystem.cpp">
      <Filter>Systems</Filter>
    </ClCompile>
    <ClCompile Include="Systems\MovementSystem.cpp">
      <Filter>Systems</Filter>
    </ClCompile>
    <ClCompile Include="Systems\PhysicsSystem.cpp">
      <Filter>Systems</Filter>
    </ClCompile>
    <ClCompile Include="Systems\RenderingSystem.cpp">
      <Filter>Systems</Filter>
    </ClCompile>
    <ClCompile Include="Interface\GUI_Components\Button.cpp">
      <Filter>Interface</Filter>
    </ClCompile>
    <ClCompile Include="Interface\GUI_Components\ButtonMap.cpp">
      <Filter>Interface</Filter>
    </ClCompile>
    <ClCompile Include="Main.cpp">
      <Filter>Interface</Filter>
    </ClCompile>
    <ClCompile Include="Interface\MainCamera.cpp">
      <Filter>Interface</Filter>
    </ClCompile>
    <ClCompile Include="Interface\PauseMenu.cpp">
      <Filter>Interface</Filter>
    </ClCompile>
    <ClCompile Include="Interface\States.cpp">
      <Filter>Interface</Filter>
    </ClCompile>
  </ItemGroup>
  <ItemGroup>
    <ClInclude Include="Components.h">
      <Filter>Header Files</Filter>
    </ClInclude>
    <ClInclude Include="ECS.h">
      <Filter>Header Files</Filter>
    </ClInclude>
    <ClInclude Include="Engine.h">
      <Filter>Header Files</Filter>
    </ClInclude>
    <ClInclude Include="Tile.h">
      <Filter>Header Files</Filter>
    </ClInclude>
    <ClInclude Include="Systems\AnimationSystem.h">
      <Filter>Systems</Filter>
    </ClInclude>
    <ClInclude Include="Systems\InputSystem.h">
      <Filter>Systems</Filter>
    </ClInclude>
    <ClInclude Include="Systems\MovementSystem.h">
      <Filter>Systems</Filter>
    </ClInclude>
    <ClInclude Include="Systems\PhysicsSystem.h">
      <Filter>Systems</Filter>
    </ClInclude>
    <ClInclude Include="Systems\RenderingSystem.h">
      <Filter>Systems</Filter>
    </ClInclude>
    <ClInclude Include="Interface\GUI_Components\Button.h">
      <Filter>Interface</Filter>
    </ClInclude>
    <ClInclude Include="Interface\GUI_Components\ButtonMap.h">
      <Filter>Interface</Filter>
    </ClInclude>
    <ClInclude Include="Interface\MainCamera.h">
      <Filter>Interface</Filter>
    </ClInclude>
    <ClInclude Include="Interface\PauseMenu.h">
      <Filter>Interface</Filter>
    </ClInclude>
    <ClInclude Include="Interface\States.h">
      <Filter>Interface</Filter>
    </ClInclude>
  </ItemGroup>
  <ItemGroup>
    <Filter Include="Header Files">
      <UniqueIdentifier>{e81a872c-b04e-420e-a219-37390a6e3855}</UniqueIdentifier>
    </Filter>
    <Filter Include="Source Files">
      <UniqueIdentifier>{e4dc5799-20ac-4b4b-826e-256c26d67c8a}</UniqueIdentifier>
    </Filter>
    <Filter Include="Systems">
      <UniqueIdentifier>{36524580-3764-410d-a103-ea4a26bd1aee}</UniqueIdentifier>
    </Filter>
    <Filter Include="Interface">
      <UniqueIdentifier>{92042c5e-a414-43db-ad0e-a49e7436c145}</UniqueIdentifier>
    </Filter>
    <Filter Include="Resource Files">
      <UniqueIdentifier>{755d2f7c-4b9e-4c1e-8033-2eb9798f020d}</UniqueIdentifier>
    </Filter>
  </ItemGroup>
</Project>